lockfileVersion: 5.4

importers:
  plugins/cumstain:
    specifiers:
      fuse.js: ^6.6.2
      react-virtual: ^2.10.4
      simple-react-monaco: ^1.1.0
    dependencies:
      fuse.js: 6.6.2
      react-virtual: 2.10.4
      simple-react-monaco: 1.1.0

packages:
  /@monaco-editor/loader/1.3.2_monaco-editor@0.33.0:
    resolution:
      {
        integrity: sha512-BTDbpHl3e47r3AAtpfVFTlAi7WXv4UQ/xZmz8atKl4q7epQV5e7+JbigFDViWF71VBi4IIBdcWP57Hj+OWuc9g==,
      }
    peerDependencies:
      monaco-editor: ">= 0.21.0 < 1"
    dependencies:
      monaco-editor: 0.33.0
      state-local: 1.0.7
    dev: false

  /@reach/observe-rect/1.2.0:
    resolution:
      {
        integrity: sha512-Ba7HmkFgfQxZqqaeIWWkNK0rEhpxVQHIoVyW1YDSkGsGIXzcaW4deC8B0pZrNSSyLTdIk7y+5olKt5+g0GmFIQ==,
      }
    dev: false

  /@types/prop-types/15.7.5:
    resolution:
      {
        integrity: sha512-JCB8C6SnDoQf0cNycqd/35A7MjcnK+ZTqE7judS6o7utxUCg6imJg3QK2qzHKszlTjcj2cn+NwMB2i96ubpj7w==,
      }
    dev: false

  /@types/react/18.0.15:
    resolution:
      {
        integrity: sha512-iz3BtLuIYH1uWdsv6wXYdhozhqj20oD4/Hk2DNXIn1kFsmp9x8d9QB6FnPhfkbhd2PgEONt9Q1x/ebkwjfFLow==,
      }
    dependencies:
      "@types/prop-types": 15.7.5
      "@types/scheduler": 0.16.2
      csstype: 3.1.0
    dev: false

  /@types/scheduler/0.16.2:
    resolution:
      {
        integrity: sha512-hppQEBDmlwhFAXKJX2KnWLYu5yMfi91yazPb2l+lbJiwW+wdo1gNeRA+3RgNSO39WYX2euey41KEwnqesU2Jew==,
      }
    dev: false

  /csstype/3.1.0:
    resolution:
      {
        integrity: sha512-uX1KG+x9h5hIJsaKR9xHUeUraxf8IODOwq9JLNPq6BwB04a/xgpq3rcx47l5BZu5zBPlgD342tdke3Hom/nJRA==,
      }
    dev: false

  /fuse.js/6.6.2:
    resolution:
      {
        integrity: sha512-cJaJkxCCxC8qIIcPBF9yGxY0W/tVZS3uEISDxhYIdtk8OL93pe+6Zj7LjCqVV4dzbqcriOZ+kQ/NE4RXZHsIGA==,
      }
    engines: { node: ">=10" }
    dev: false

  /monaco-editor/0.33.0:
    resolution:
      {
        integrity: sha512-VcRWPSLIUEgQJQIE0pVT8FcGBIgFoxz7jtqctE+IiCxWugD0DwgyQBcZBhdSrdMC84eumoqMZsGl2GTreOzwqw==,
      }
    dev: false

  /react-virtual/2.10.4:
    resolution:
      {
        integrity: sha512-Ir6+oPQZTVHfa6+JL9M7cvMILstFZH/H3jqeYeKI4MSUX+rIruVwFC6nGVXw9wqAw8L0Kg2KvfXxI85OvYQdpQ==,
      }
    peerDependencies:
      react: ^16.6.3 || ^17.0.0
    peerDependenciesMeta:
      react:
        optional: true
    dependencies:
      "@reach/observe-rect": 1.2.0
    dev: false

  /simple-react-monaco/1.1.0:
    resolution:
      {
        integrity: sha512-USViCznmzu9BgnDXkwPQ4Yy7CssHapibPrd54dl5lGgp0lPHfFiCQ2eJ2N/cEkIx82Hlc9hpUcanADdo+nfD9w==,
      }
    peerDependencies:
      react: ^18.2.0
    peerDependenciesMeta:
      react:
        optional: true
    dependencies:
      "@monaco-editor/loader": 1.3.2_monaco-editor@0.33.0
      "@types/react": 18.0.15
      monaco-editor: 0.33.0
    dev: false

  /state-local/1.0.7:
    resolution:
      {
        integrity: sha512-HTEHMNieakEnoe33shBYcZ7NX83ACUjCu8c40iOGEZsngj9zRnkqS9j1pqQPXwobB0ZcVTk27REb7COQ0UR59w==,
      }
    dev: false
